
Microsoft Visual Studio Solution File, Format Version 12.00
# Visual Studio Version 17
VisualStudioVersion = 17.2.32519.379
MinimumVisualStudioVersion = 10.0.40219.1
Project("{FAE04EC0-301F-11D3-BF4B-00C04F79EFBC}") = "EisLocation", "EisLocation.csproj", "{2B2982B4-53AA-4A61-A05A-8DBE2D686FA6}"
EndProject
Global
	GlobalSection(SolutionConfigurationPlatforms) = preSolution
		Debug|Any CPU = Debug|Any CPU
		Release|Any CPU = Release|Any CPU
	EndGlobalSection
	GlobalSection(ProjectConfigurationPlatforms) = postSolution
		{2B2982B4-53AA-4A61-A05A-8DBE2D686FA6}.Debug|Any CPU.ActiveCfg = Debug|Any CPU
		{2B2982B4-53AA-4A61-A05A-8DBE2D686FA6}.Debug|Any CPU.Build.0 = Debug|Any CPU
		{2B2982B4-53AA-4A61-A05A-8DBE2D686FA6}.Release|Any CPU.ActiveCfg = Release|Any CPU
		{2B2982B4-53AA-4A61-A05A-8DBE2D686FA6}.Release|Any CPU.Build.0 = Release|Any CPU
	EndGlobalSection
	GlobalSection(SolutionProperties) = preSolution
		HideSolutionNode = FALSE
	EndGlobalSection
	GlobalSection(ExtensibilityGlobals) = postSolution
		SolutionGuid = {52DEDB7E-6CD3-4A8F-97C9-948CD71E0172}
	EndGlobalSection
EndGlobal
